
Microsoft Visual Studio Solution File, Format Version 12.00
# Visual Studio Version 16
VisualStudioVersion = 16.0.810.16
MinimumVisualStudioVersion = 10.0.40219.1
Project("{FAE04EC0-301F-11D3-BF4B-00C04F79EFBC}") = "LaytonBarneyMission3Assignment", "LaytonBarneyMission3Assignment.csproj", "{62F3DC7D-0D75-4420-8E3D-2797FEDF3559}"
EndProject
Global
	GlobalSection(SolutionConfigurationPlatforms) = preSolution
		Debug|Any CPU = Debug|Any CPU
		Release|Any CPU = Release|Any CPU
	EndGlobalSection
	GlobalSection(ProjectConfigurationPlatforms) = postSolution
		{62F3DC7D-0D75-4420-8E3D-2797FEDF3559}.Debug|Any CPU.ActiveCfg = Debug|Any CPU
		{62F3DC7D-0D75-4420-8E3D-2797FEDF3559}.Debug|Any CPU.Build.0 = Debug|Any CPU
		{62F3DC7D-0D75-4420-8E3D-2797FEDF3559}.Release|Any CPU.ActiveCfg = Release|Any CPU
		{62F3DC7D-0D75-4420-8E3D-2797FEDF3559}.Release|Any CPU.Build.0 = Release|Any CPU
	EndGlobalSection
	GlobalSection(SolutionProperties) = preSolution
		HideSolutionNode = FALSE
	EndGlobalSection
	GlobalSection(ExtensibilityGlobals) = postSolution
		SolutionGuid = {A7D4DFB2-8F4E-4BEE-B005-CA4E2EE31248}
	EndGlobalSection
EndGlobal
